
Microsoft Visual Studio Solution File, Format Version 12.00
# Visual Studio Version 16
VisualStudioVersion = 16.0.30611.23
MinimumVisualStudioVersion = 10.0.40219.1
Project("{FAE04EC0-301F-11D3-BF4B-00C04F79EFBC}") = "FreeAdobe", "FreeAdobe.csproj", "{BB7C174C-3C18-42EF-8D85-998161551E3B}"
EndProject
Global
	GlobalSection(SolutionConfigurationPlatforms) = preSolution
		Debug|Any CPU = Debug|Any CPU
		Release|Any CPU = Release|Any CPU
	EndGlobalSection
	GlobalSection(ProjectConfigurationPlatforms) = postSolution
		{BB7C174C-3C18-42EF-8D85-998161551E3B}.Debug|Any CPU.ActiveCfg = Debug|Any CPU
		{BB7C174C-3C18-42EF-8D85-998161551E3B}.Debug|Any CPU.Build.0 = Debug|Any CPU
		{BB7C174C-3C18-42EF-8D85-998161551E3B}.Release|Any CPU.ActiveCfg = Release|Any CPU
		{BB7C174C-3C18-42EF-8D85-998161551E3B}.Release|Any CPU.Build.0 = Release|Any CPU
	EndGlobalSection
	GlobalSection(SolutionProperties) = preSolution
		HideSolutionNode = FALSE
	EndGlobalSection
	GlobalSection(ExtensibilityGlobals) = postSolution
		SolutionGuid = {429B600B-FC7B-4B72-9FC7-70AF626CF19E}
	EndGlobalSection
EndGlobal
